
Microsoft Visual Studio Solution File, Format Version 12.00
# Visual Studio 15
VisualStudioVersion = 15.0.28307.1622
MinimumVisualStudioVersion = 10.0.40219.1
Project("{8BC9CEB8-8B4A-11D0-8D11-00A0C91BC942}") = "lab2_p2", "lab2_p2\lab2_p2.vcxproj", "{A71143C6-4551-4BBC-839E-3BE8F4AF0410}"
EndProject
Global
	GlobalSection(SolutionConfigurationPlatforms) = preSolution
		Debug|x64 = Debug|x64
		Debug|x86 = Debug|x86
		Release|x64 = Release|x64
		Release|x86 = Release|x86
	EndGlobalSection
	GlobalSection(ProjectConfigurationPlatforms) = postSolution
		{A71143C6-4551-4BBC-839E-3BE8F4AF0410}.Debug|x64.ActiveCfg = Debug|x64
		{A71143C6-4551-4BBC-839E-3BE8F4AF0410}.Debug|x64.Build.0 = Debug|x64
		{A71143C6-4551-4BBC-839E-3BE8F4AF0410}.Debug|x86.ActiveCfg = Debug|Win32
		{A71143C6-4551-4BBC-839E-3BE8F4AF0410}.Debug|x86.Build.0 = Debug|Win32
		{A71143C6-4551-4BBC-839E-3BE8F4AF0410}.Release|x64.ActiveCfg = Release|x64
		{A71143C6-4551-4BBC-839E-3BE8F4AF0410}.Release|x64.Build.0 = Release|x64
		{A71143C6-4551-4BBC-839E-3BE8F4AF0410}.Release|x86.ActiveCfg = Release|Win32
		{A71143C6-4551-4BBC-839E-3BE8F4AF0410}.Release|x86.Build.0 = Release|Win32
	EndGlobalSection
	GlobalSection(SolutionProperties) = preSolution
		HideSolutionNode = FALSE
	EndGlobalSection
	GlobalSection(ExtensibilityGlobals) = postSolution
		SolutionGuid = {B08256DF-8167-4E43-BB64-007161DBCA81}
	EndGlobalSection
EndGlobal
